// !$*UTF8*$!
{
	archiveVersion = 1;
	classes = {
	};
	objectVersion = 46;
	objects = {

/* Begin PBXBuildFile section */
		843FEF591F2EFAD400A4B735 /* AppDelegate.swift in Sources */ = {isa = PBXBuildFile; fileRef = 843FEF581F2EFAD400A4B735 /* AppDelegate.swift */; };
		843FEF5B1F2EFAD400A4B735 /* ViewController.swift in Sources */ = {isa = PBXBuildFile; fileRef = 843FEF5A1F2EFAD400A4B735 /* ViewController.swift */; };
		843FEF5E1F2EFAD400A4B735 /* Main.storyboard in Resources */ = {isa = PBXBuildFile; fileRef = 843FEF5C1F2EFAD400A4B735 /* Main.storyboard */; };
		843FEF601F2EFAD400A4B735 /* Assets.xcassets in Resources */ = {isa = PBXBuildFile; fileRef = 843FEF5F1F2EFAD400A4B735 /* Assets.xcassets */; };
		843FEF631F2EFAD400A4B735 /* LaunchScreen.storyboard in Resources */ = {isa = PBXBuildFile; fileRef = 843FEF611F2EFAD400A4B735 /* LaunchScreen.storyboard */; };
/* End PBXBuildFile section */

/* Begin PBXFileReference section */
		843FEF551F2EFAD400A4B735 /* InterfaceBuilderBasics.app */ = {isa = PBXFileReference; explicitFileType = wrapper.application; includeInIndex = 0; path = InterfaceBuilderBasics.app; sourceTree = BUILT_PRODUCTS_DIR; };
		843FEF581F2EFAD400A4B735 /* AppDelegate.swift */ = {isa = PBXFileReference; lastKnownFileType = sourcecode.swift; path = AppDelegate.swift; sourceTree = "<group>"; };
		843FEF5A1F2EFAD400A4B735 /* ViewController.swift */ = {isa = PBXFileReference; lastKnownFileType = sourcecode.swift; path = ViewController.swift; sourceTree = "<group>"; };
		843FEF5D1F2EFAD400A4B735 /* Base */ = {isa = PBXFileReference; lastKnownFileType = file.storyboard; name = Base; path = Base.lproj/Main.storyboard; sourceTree = "<group>"; };
		843FEF5F1F2EFAD400A4B735 /* Assets.xcassets */ = {isa = PBXFileReference; lastKnownFileType = folder.assetcatalog; path = Assets.xcassets; sourceTree = "<group>"; };
		843FEF621F2EFAD400A4B735 /* Base */ = {isa = PBXFileReference; lastKnownFileType = file.storyboard; name = Base; path = Base.lproj/LaunchScreen.storyboard; sourceTree = "<group>"; };
		843FEF641F2EFAD400A4B735 /* Info.plist */ = {isa = PBXFileReference; lastKnownFileType = text.plist.xml; path = Info.plist; sourceTree = "<group>"; };
/* End PBXFileReference section */

/* Begin PBXFrameworksBuildPhase section */
		843FEF521F2EFAD400A4B735 /* Frameworks */ = {
			isa = PBXFrameworksBuildPhase;
			buildActionMask = 2147483647;
			files = (
			);
			runOnlyForDeploymentPostprocessing = 0;
		};
/* End PBXFrameworksBuildPhase section */

/* Begin PBXGroup section */
		843FEF4C1F2EFAD400A4B735 = {
			isa = PBXGroup;
			children = (
				843FEF571F2EFAD400A4B735 /* InterfaceBuilderBasics */,
				843FEF561F2EFAD400A4B735 /* Products */,
			);
			sourceTree = "<group>";
		};
		843FEF561F2EFAD400A4B735 /* Products */ = {
			isa = PBXGroup;
			children = (
				843FEF551F2EFAD400A4B735 /* InterfaceBuilderBasics.app */,
			);
			name = Products;
			sourceTree = "<group>";
		};
		843FEF571F2EFAD400A4B735 /* InterfaceBuilderBasics */ = {
			isa = PBXGroup;
			children = (
				843FEF581F2EFAD400A4B735 /* AppDelegate.swift */,
				843FEF5A1F2EFAD400A4B735 /* ViewController.swift */,
				843FEF5C1F2EFAD400A4B735 /* Main.storyboard */,
				843FEF5F1F2EFAD400A4B735 /* Assets.xcassets */,
				843FEF611F2EFAD400A4B735 /* LaunchScreen.storyboard */,
				843FEF641F2EFAD400A4B735 /* Info.plist */,
			);
			path = InterfaceBuilderBasics;
			sourceTree = "<group>";
		};
/* End PBXGroup section */

/* Begin PBXNativeTarget section */
		843FEF541F2EFAD400A4B735 /* InterfaceBuilderBasics */ = {
			isa = PBXNativeTarget;
			buildConfigurationList = 843FEF671F2EFAD400A4B735 /* Build configuration list for PBXNativeTarget "InterfaceBuilderBasics" */;
			buildPhases = (
				843FEF511F2EFAD400A4B735 /* Sources */,
				843FEF521F2EFAD400A4B735 /* Frameworks */,
				843FEF531F2EFAD400A4B735 /* Resources */,
			);
			buildRules = (
			);
			dependencies = (
			);
			name = InterfaceBuilderBasics;
			productName = InterfaceBuilderBasics;
			productReference = 843FEF551F2EFAD400A4B735 /* InterfaceBuilderBasics.app */;
			productType = "com.apple.product-type.application";
		};
/* End PBXNativeTarget section */

/* Begin PBXProject section */
		843FEF4D1F2EFAD400A4B735 /* Project object */ = {
			isa = PBXProject;
			attributes = {
				LastSwiftUpdateCheck = 0830;
				LastUpgradeCheck = 0830;
				ORGANIZATIONNAME = AmberJ;
				TargetAttributes = {
					843FEF541F2EFAD400A4B735 = {
						CreatedOnToolsVersion = 8.3.3;
						ProvisioningStyle = Automatic;
					};
				};
			};
			buildConfigurationList = 843FEF501F2EFAD400A4B735 /* Build configuration list for PBXProject "InterfaceBuilderBasics" */;
			compatibilityVersion = "Xcode 3.2";
			developmentRegion = English;
			hasScannedForEncodings = 0;
			knownRegions = (
				en,
				Base,
			);
			mainGroup = 843FEF4C1F2EFAD400A4B735;
			productRefGroup = 843FEF561F2EFAD400A4B735 /* Products */;
			projectDirPath = "";
			projectRoot = "";
			targets = (
				843FEF541F2EFAD400A4B735 /* InterfaceBuilderBasics */,
			);
		};
/* End PBXProject section */

/* Begin PBXResourcesBuildPhase section */
		843FEF531F2EFAD400A4B735 /* Resources */ = {
			isa = PBXResourcesBuildPhase;
			buildActionMask = 2147483647;
			files = (
				843FEF631F2EFAD400A4B735 /* LaunchScreen.storyboard in Resources */,
				843FEF601F2EFAD400A4B735 /* Assets.xcassets in Resources */,
				843FEF5E1F2EFAD400A4B735 /* Main.storyboard in Resources */,
			);
			runOnlyForDeploymentPostprocessing = 0;
		};
/* End PBXResourcesBuildPhase section */

/* Begin PBXSourcesBuildPhase section */
		843FEF511F2EFAD400A4B735 /* Sources */ = {
			isa = PBXSourcesBuildPhase;
			buildActionMask = 2147483647;
			files = (
				843FEF5B1F2EFAD400A4B735 /* ViewController.swift in Sources */,
				843FEF591F2EFAD400A4B735 /* AppDelegate.swift in Sources */,
			);
			runOnlyForDeploymentPostprocessing = 0;
		};
/* End PBXSourcesBuildPhase section */

/* Begin PBXVariantGroup section */
		843FEF5C1F2EFAD400A4B735 /* Main.storyboard */ = {
			isa = PBXVariantGroup;
			children = (
				843FEF5D1F2EFAD400A4B735 /* Base */,
			);
			name = Main.storyboard;
			sourceTree = "<group>";
		};
		843FEF611F2EFAD400A4B735 /* LaunchScreen.storyboard */ = {
			isa = PBXVariantGroup;
			children = (
				843FEF621F2EFAD400A4B735 /* Base */,
			);
			name = LaunchScreen.storyboard;
			sourceTree = "<group>";
		};
/* End PBXVariantGroup section */

/* Begin XCBuildConfiguration section */
		843FEF651F2EFAD400A4B735 /* Debug */ = {
			isa = XCBuildConfiguration;
			buildSettings = {
				ALWAYS_SEARCH_USER_PATHS = NO;
				CLANG_ANALYZER_NONNULL = YES;
				CLANG_ANALYZER_NUMBER_OBJECT_CONVERSION = YES_AGGRESSIVE;
				CLANG_CXX_LANGUAGE_STANDARD = "gnu++0x";
				CLANG_CXX_LIBRARY = "libc++";
				CLANG_ENABLE_MODULES = YES;
				CLANG_ENABLE_OBJC_ARC = YES;
				CLANG_WARN_BOOL_CONVERSION = YES;
				CLANG_WARN_CONSTANT_CONVERSION = YES;
				CLANG_WARN_DIRECT_OBJC_ISA_USAGE = YES_ERROR;
				CLANG_WARN_DOCUMENTATION_COMMENTS = YES;
				CLANG_WARN_EMPTY_BODY = YES;
				CLANG_WARN_ENUM_CONVERSION = YES;
				CLANG_WARN_INFINITE_RECURSION = YES;
				CLANG_WARN_INT_CONVERSION = YES;
				CLANG_WARN_OBJC_ROOT_CLASS = YES_ERROR;
				CLANG_WARN_SUSPICIOUS_MOVE = YES;
				CLANG_WARN_UNREACHABLE_CODE = YES;
				CLANG_WARN__DUPLICATE_METHOD_MATCH = YES;
				"CODE_SIGN_IDENTITY[sdk=iphoneos*]" = "iPhone Developer";
				COPY_PHASE_STRIP = NO;
				DEBUG_INFORMATION_FORMAT = dwarf;
				ENABLE_STRICT_OBJC_MSGSEND = YES;
				ENABLE_TESTABILITY = YES;
				GCC_C_LANGUAGE_STANDARD = gnu99;
				GCC_DYNAMIC_NO_PIC = NO;
				GCC_NO_COMMON_BLOCKS = YES;
				GCC_OPTIMIZATION_LEVEL = 0;
				GCC_PREPROCESSOR_DEFINITIONS = (
					"DEBUG=1",
					"$(inherited)",
				);
				GCC_WARN_64_TO_32_BIT_CONVERSION = YES;
				GCC_WARN_ABOUT_RETURN_TYPE = YES_ERROR;
				GCC_WARN_UNDECLARED_SELECTOR = YES;
				GCC_WARN_UNINITIALIZED_AUTOS = YES_AGGRESSIVE;
				GCC_WARN_UNUSED_FUNCTION = YES;
				GCC_WARN_UNUSED_VARIABLE = YES;
				IPHONEOS_DEPLOYMENT_TARGET = 10.3;
				MTL_ENABLE_DEBUG_INFO = YES;
				ONLY_ACTIVE_ARCH = YES;
				SDKROOT = iphoneos;
				SWIFT_ACTIVE_COMPILATION_CONDITIONS = DEBUG;
				SWIFT_OPTIMIZATION_LEVEL = "-Onone";
			};
			name = Debug;
		};
		843FEF661F2EFAD400A4B735 /* Release */ = {
			isa = XCBuildConfiguration;
			buildSettings = {
				ALWAYS_SEARCH_USER_PATHS = NO;
				CLANG_ANALYZER_NONNULL = YES;
				CLANG_ANALYZER_NUMBER_OBJECT_CONVERSION = YES_AGGRESSIVE;
				CLANG_CXX_LANGUAGE_STANDARD = "gnu++0x";
				CLANG_CXX_LIBRARY = "libc++";
				CLANG_ENABLE_MODULES = YES;
				CLANG_ENABLE_OBJC_ARC = YES;
				CLANG_WARN_BOOL_CONVERSION = YES;
				CLANG_WARN_CONSTANT_CONVERSION = YES;
				CLANG_WARN_DIRECT_OBJC_ISA_USAGE = YES_ERROR;
				CLANG_WARN_DOCUMENTATION_COMMENTS = YES;
				CLANG_WARN_EMPTY_BODY = YES;
				CLANG_WARN_ENUM_CONVERSION = YES;
				CLANG_WARN_INFINITE_RECURSION = YES;
				CLANG_WARN_INT_CONVERSION = YES;
				CLANG_WARN_OBJC_ROOT_CLASS = YES_ERROR;
				CLANG_WARN_SUSPICIOUS_MOVE = YES;
				CLANG_WARN_UNREACHABLE_CODE = YES;
				CLANG_WARN__DUPLICATE_METHOD_MATCH = YES;
				"CODE_SIGN_IDENTITY[sdk=iphoneos*]" = "iPhone Developer";
				COPY_PHASE_STRIP = NO;
				DEBUG_INFORMATION_FORMAT = "dwarf-with-dsym";
				ENABLE_NS_ASSERTIONS = NO;
				ENABLE_STRICT_OBJC_MSGSEND = YES;
				GCC_C_LANGUAGE_STANDARD = gnu99;
				GCC_NO_COMMON_BLOCKS = YES;
				GCC_WARN_64_TO_32_BIT_CONVERSION = YES;
				GCC_WARN_ABOUT_RETURN_TYPE = YES_ERROR;
				GCC_WARN_UNDECLARED_SELECTOR = YES;
				GCC_WARN_UNINITIALIZED_AUTOS = YES_AGGRESSIVE;
				GCC_WARN_UNUSED_FUNCTION = YES;
				GCC_WARN_UNUSED_VARIABLE = YES;
				IPHONEOS_DEPLOYMENT_TARGET = 10.3;
				MTL_ENABLE_DEBUG_INFO = NO;
				SDKROOT = iphoneos;
				SWIFT_OPTIMIZATION_LEVEL = "-Owholemodule";
				VALIDATE_PRODUCT = YES;
			};
			name = Release;
		};
		843FEF681F2EFAD400A4B735 /* Debug */ = {
			isa = XCBuildConfiguration;
			buildSettings = {
				ASSETCATALOG_COMPILER_APPICON_NAME = AppIcon;
				INFOPLIST_FILE = InterfaceBuilderBasics/Info.plist;
				LD_RUNPATH_SEARCH_PATHS = "$(inherited) @executable_path/Frameworks";
				PRODUCT_BUNDLE_IDENTIFIER = com.example.InterfaceBuilderBasics;
				PRODUCT_NAME = "$(TARGET_NAME)";
				SWIFT_VERSION = 3.0;
			};
			name = Debug;
		};
		843FEF691F2EFAD400A4B735 /* Release */ = {
			isa = XCBuildConfiguration;
			buildSettings = {
				ASSETCATALOG_COMPILER_APPICON_NAME = AppIcon;
				INFOPLIST_FILE = InterfaceBuilderBasics/Info.plist;
				LD_RUNPATH_SEARCH_PATHS = "$(inherited) @executable_path/Frameworks";
				PRODUCT_BUNDLE_IDENTIFIER = com.example.InterfaceBuilderBasics;
				PRODUCT_NAME = "$(TARGET_NAME)";
				SWIFT_VERSION = 3.0;
			};
			name = Release;
		};
/* End XCBuildConfiguration section */

/* Begin XCConfigurationList section */
		843FEF501F2EFAD400A4B735 /* Build configuration list for PBXProject "InterfaceBuilderBasics" */ = {
			isa = XCConfigurationList;
			buildConfigurations = (
				843FEF651F2EFAD400A4B735 /* Debug */,
				843FEF661F2EFAD400A4B735 /* Release */,
			);
			defaultConfigurationIsVisible = 0;
			defaultConfigurationName = Release;
		};
		843FEF671F2EFAD400A4B735 /* Build configuration list for PBXNativeTarget "InterfaceBuilderBasics" */ = {
			isa = XCConfigurationList;
			buildConfigurations = (
				843FEF681F2EFAD400A4B735 /* Debug */,
				843FEF691F2EFAD400A4B735 /* Release */,
			);
			defaultConfigurationIsVisible = 0;
		};
/* End XCConfigurationList section */
	};
	rootObject = 843FEF4D1F2EFAD400A4B735 /* Project object */;
}
