// !$*UTF8*$!
{
	archiveVersion = 1;
	classes = {
	};
	objectVersion = 46;
	objects = {

/* Begin PBXBuildFile section */
		841CF3781F53E25800DE163C /* AppDelegate.swift in Sources */ = {isa = PBXBuildFile; fileRef = 841CF3771F53E25800DE163C /* AppDelegate.swift */; };
		841CF37A1F53E25800DE163C /* ViewController.swift in Sources */ = {isa = PBXBuildFile; fileRef = 841CF3791F53E25800DE163C /* ViewController.swift */; };
		841CF37D1F53E25800DE163C /* Main.storyboard in Resources */ = {isa = PBXBuildFile; fileRef = 841CF37B1F53E25800DE163C /* Main.storyboard */; };
		841CF37F1F53E25800DE163C /* Assets.xcassets in Resources */ = {isa = PBXBuildFile; fileRef = 841CF37E1F53E25800DE163C /* Assets.xcassets */; };
		841CF3821F53E25800DE163C /* LaunchScreen.storyboard in Resources */ = {isa = PBXBuildFile; fileRef = 841CF3801F53E25800DE163C /* LaunchScreen.storyboard */; };
/* End PBXBuildFile section */

/* Begin PBXFileReference section */
		841CF3741F53E25800DE163C /* Change Background Colour.app */ = {isa = PBXFileReference; explicitFileType = wrapper.application; includeInIndex = 0; path = "Change Background Colour.app"; sourceTree = BUILT_PRODUCTS_DIR; };
		841CF3771F53E25800DE163C /* AppDelegate.swift */ = {isa = PBXFileReference; lastKnownFileType = sourcecode.swift; path = AppDelegate.swift; sourceTree = "<group>"; };
		841CF3791F53E25800DE163C /* ViewController.swift */ = {isa = PBXFileReference; lastKnownFileType = sourcecode.swift; path = ViewController.swift; sourceTree = "<group>"; };
		841CF37C1F53E25800DE163C /* Base */ = {isa = PBXFileReference; lastKnownFileType = file.storyboard; name = Base; path = Base.lproj/Main.storyboard; sourceTree = "<group>"; };
		841CF37E1F53E25800DE163C /* Assets.xcassets */ = {isa = PBXFileReference; lastKnownFileType = folder.assetcatalog; path = Assets.xcassets; sourceTree = "<group>"; };
		841CF3811F53E25800DE163C /* Base */ = {isa = PBXFileReference; lastKnownFileType = file.storyboard; name = Base; path = Base.lproj/LaunchScreen.storyboard; sourceTree = "<group>"; };
		841CF3831F53E25800DE163C /* Info.plist */ = {isa = PBXFileReference; lastKnownFileType = text.plist.xml; path = Info.plist; sourceTree = "<group>"; };
/* End PBXFileReference section */

/* Begin PBXFrameworksBuildPhase section */
		841CF3711F53E25800DE163C /* Frameworks */ = {
			isa = PBXFrameworksBuildPhase;
			buildActionMask = 2147483647;
			files = (
			);
			runOnlyForDeploymentPostprocessing = 0;
		};
/* End PBXFrameworksBuildPhase section */

/* Begin PBXGroup section */
		841CF36B1F53E25800DE163C = {
			isa = PBXGroup;
			children = (
				841CF3761F53E25800DE163C /* Change Background Colour */,
				841CF3751F53E25800DE163C /* Products */,
			);
			sourceTree = "<group>";
		};
		841CF3751F53E25800DE163C /* Products */ = {
			isa = PBXGroup;
			children = (
				841CF3741F53E25800DE163C /* Change Background Colour.app */,
			);
			name = Products;
			sourceTree = "<group>";
		};
		841CF3761F53E25800DE163C /* Change Background Colour */ = {
			isa = PBXGroup;
			children = (
				841CF3771F53E25800DE163C /* AppDelegate.swift */,
				841CF3791F53E25800DE163C /* ViewController.swift */,
				841CF37B1F53E25800DE163C /* Main.storyboard */,
				841CF37E1F53E25800DE163C /* Assets.xcassets */,
				841CF3801F53E25800DE163C /* LaunchScreen.storyboard */,
				841CF3831F53E25800DE163C /* Info.plist */,
			);
			path = "Change Background Colour";
			sourceTree = "<group>";
		};
/* End PBXGroup section */

/* Begin PBXNativeTarget section */
		841CF3731F53E25800DE163C /* Change Background Colour */ = {
			isa = PBXNativeTarget;
			buildConfigurationList = 841CF3861F53E25800DE163C /* Build configuration list for PBXNativeTarget "Change Background Colour" */;
			buildPhases = (
				841CF3701F53E25800DE163C /* Sources */,
				841CF3711F53E25800DE163C /* Frameworks */,
				841CF3721F53E25800DE163C /* Resources */,
			);
			buildRules = (
			);
			dependencies = (
			);
			name = "Change Background Colour";
			productName = "Change Background Colour";
			productReference = 841CF3741F53E25800DE163C /* Change Background Colour.app */;
			productType = "com.apple.product-type.application";
		};
/* End PBXNativeTarget section */

/* Begin PBXProject section */
		841CF36C1F53E25800DE163C /* Project object */ = {
			isa = PBXProject;
			attributes = {
				LastSwiftUpdateCheck = 0830;
				LastUpgradeCheck = 0830;
				ORGANIZATIONNAME = AmberJ;
				TargetAttributes = {
					841CF3731F53E25800DE163C = {
						CreatedOnToolsVersion = 8.3.3;
						ProvisioningStyle = Automatic;
					};
				};
			};
			buildConfigurationList = 841CF36F1F53E25800DE163C /* Build configuration list for PBXProject "Change Background Colour" */;
			compatibilityVersion = "Xcode 3.2";
			developmentRegion = English;
			hasScannedForEncodings = 0;
			knownRegions = (
				en,
				Base,
			);
			mainGroup = 841CF36B1F53E25800DE163C;
			productRefGroup = 841CF3751F53E25800DE163C /* Products */;
			projectDirPath = "";
			projectRoot = "";
			targets = (
				841CF3731F53E25800DE163C /* Change Background Colour */,
			);
		};
/* End PBXProject section */

/* Begin PBXResourcesBuildPhase section */
		841CF3721F53E25800DE163C /* Resources */ = {
			isa = PBXResourcesBuildPhase;
			buildActionMask = 2147483647;
			files = (
				841CF3821F53E25800DE163C /* LaunchScreen.storyboard in Resources */,
				841CF37F1F53E25800DE163C /* Assets.xcassets in Resources */,
				841CF37D1F53E25800DE163C /* Main.storyboard in Resources */,
			);
			runOnlyForDeploymentPostprocessing = 0;
		};
/* End PBXResourcesBuildPhase section */

/* Begin PBXSourcesBuildPhase section */
		841CF3701F53E25800DE163C /* Sources */ = {
			isa = PBXSourcesBuildPhase;
			buildActionMask = 2147483647;
			files = (
				841CF37A1F53E25800DE163C /* ViewController.swift in Sources */,
				841CF3781F53E25800DE163C /* AppDelegate.swift in Sources */,
			);
			runOnlyForDeploymentPostprocessing = 0;
		};
/* End PBXSourcesBuildPhase section */

/* Begin PBXVariantGroup section */
		841CF37B1F53E25800DE163C /* Main.storyboard */ = {
			isa = PBXVariantGroup;
			children = (
				841CF37C1F53E25800DE163C /* Base */,
			);
			name = Main.storyboard;
			sourceTree = "<group>";
		};
		841CF3801F53E25800DE163C /* LaunchScreen.storyboard */ = {
			isa = PBXVariantGroup;
			children = (
				841CF3811F53E25800DE163C /* Base */,
			);
			name = LaunchScreen.storyboard;
			sourceTree = "<group>";
		};
/* End PBXVariantGroup section */

/* Begin XCBuildConfiguration section */
		841CF3841F53E25800DE163C /* Debug */ = {
			isa = XCBuildConfiguration;
			buildSettings = {
				ALWAYS_SEARCH_USER_PATHS = NO;
				CLANG_ANALYZER_NONNULL = YES;
				CLANG_ANALYZER_NUMBER_OBJECT_CONVERSION = YES_AGGRESSIVE;
				CLANG_CXX_LANGUAGE_STANDARD = "gnu++0x";
				CLANG_CXX_LIBRARY = "libc++";
				CLANG_ENABLE_MODULES = YES;
				CLANG_ENABLE_OBJC_ARC = YES;
				CLANG_WARN_BOOL_CONVERSION = YES;
				CLANG_WARN_CONSTANT_CONVERSION = YES;
				CLANG_WARN_DIRECT_OBJC_ISA_USAGE = YES_ERROR;
				CLANG_WARN_DOCUMENTATION_COMMENTS = YES;
				CLANG_WARN_EMPTY_BODY = YES;
				CLANG_WARN_ENUM_CONVERSION = YES;
				CLANG_WARN_INFINITE_RECURSION = YES;
				CLANG_WARN_INT_CONVERSION = YES;
				CLANG_WARN_OBJC_ROOT_CLASS = YES_ERROR;
				CLANG_WARN_SUSPICIOUS_MOVE = YES;
				CLANG_WARN_UNREACHABLE_CODE = YES;
				CLANG_WARN__DUPLICATE_METHOD_MATCH = YES;
				"CODE_SIGN_IDENTITY[sdk=iphoneos*]" = "iPhone Developer";
				COPY_PHASE_STRIP = NO;
				DEBUG_INFORMATION_FORMAT = dwarf;
				ENABLE_STRICT_OBJC_MSGSEND = YES;
				ENABLE_TESTABILITY = YES;
				GCC_C_LANGUAGE_STANDARD = gnu99;
				GCC_DYNAMIC_NO_PIC = NO;
				GCC_NO_COMMON_BLOCKS = YES;
				GCC_OPTIMIZATION_LEVEL = 0;
				GCC_PREPROCESSOR_DEFINITIONS = (
					"DEBUG=1",
					"$(inherited)",
				);
				GCC_WARN_64_TO_32_BIT_CONVERSION = YES;
				GCC_WARN_ABOUT_RETURN_TYPE = YES_ERROR;
				GCC_WARN_UNDECLARED_SELECTOR = YES;
				GCC_WARN_UNINITIALIZED_AUTOS = YES_AGGRESSIVE;
				GCC_WARN_UNUSED_FUNCTION = YES;
				GCC_WARN_UNUSED_VARIABLE = YES;
				IPHONEOS_DEPLOYMENT_TARGET = 10.3;
				MTL_ENABLE_DEBUG_INFO = YES;
				ONLY_ACTIVE_ARCH = YES;
				SDKROOT = iphoneos;
				SWIFT_ACTIVE_COMPILATION_CONDITIONS = DEBUG;
				SWIFT_OPTIMIZATION_LEVEL = "-Onone";
			};
			name = Debug;
		};
		841CF3851F53E25800DE163C /* Release */ = {
			isa = XCBuildConfiguration;
			buildSettings = {
				ALWAYS_SEARCH_USER_PATHS = NO;
				CLANG_ANALYZER_NONNULL = YES;
				CLANG_ANALYZER_NUMBER_OBJECT_CONVERSION = YES_AGGRESSIVE;
				CLANG_CXX_LANGUAGE_STANDARD = "gnu++0x";
				CLANG_CXX_LIBRARY = "libc++";
				CLANG_ENABLE_MODULES = YES;
				CLANG_ENABLE_OBJC_ARC = YES;
				CLANG_WARN_BOOL_CONVERSION = YES;
				CLANG_WARN_CONSTANT_CONVERSION = YES;
				CLANG_WARN_DIRECT_OBJC_ISA_USAGE = YES_ERROR;
				CLANG_WARN_DOCUMENTATION_COMMENTS = YES;
				CLANG_WARN_EMPTY_BODY = YES;
				CLANG_WARN_ENUM_CONVERSION = YES;
				CLANG_WARN_INFINITE_RECURSION = YES;
				CLANG_WARN_INT_CONVERSION = YES;
				CLANG_WARN_OBJC_ROOT_CLASS = YES_ERROR;
				CLANG_WARN_SUSPICIOUS_MOVE = YES;
				CLANG_WARN_UNREACHABLE_CODE = YES;
				CLANG_WARN__DUPLICATE_METHOD_MATCH = YES;
				"CODE_SIGN_IDENTITY[sdk=iphoneos*]" = "iPhone Developer";
				COPY_PHASE_STRIP = NO;
				DEBUG_INFORMATION_FORMAT = "dwarf-with-dsym";
				ENABLE_NS_ASSERTIONS = NO;
				ENABLE_STRICT_OBJC_MSGSEND = YES;
				GCC_C_LANGUAGE_STANDARD = gnu99;
				GCC_NO_COMMON_BLOCKS = YES;
				GCC_WARN_64_TO_32_BIT_CONVERSION = YES;
				GCC_WARN_ABOUT_RETURN_TYPE = YES_ERROR;
				GCC_WARN_UNDECLARED_SELECTOR = YES;
				GCC_WARN_UNINITIALIZED_AUTOS = YES_AGGRESSIVE;
				GCC_WARN_UNUSED_FUNCTION = YES;
				GCC_WARN_UNUSED_VARIABLE = YES;
				IPHONEOS_DEPLOYMENT_TARGET = 10.3;
				MTL_ENABLE_DEBUG_INFO = NO;
				SDKROOT = iphoneos;
				SWIFT_OPTIMIZATION_LEVEL = "-Owholemodule";
				VALIDATE_PRODUCT = YES;
			};
			name = Release;
		};
		841CF3871F53E25800DE163C /* Debug */ = {
			isa = XCBuildConfiguration;
			buildSettings = {
				ASSETCATALOG_COMPILER_APPICON_NAME = AppIcon;
				INFOPLIST_FILE = "Change Background Colour/Info.plist";
				LD_RUNPATH_SEARCH_PATHS = "$(inherited) @executable_path/Frameworks";
				PRODUCT_BUNDLE_IDENTIFIER = "com.example.Change-Background-Colour";
				PRODUCT_NAME = "$(TARGET_NAME)";
				SWIFT_VERSION = 3.0;
			};
			name = Debug;
		};
		841CF3881F53E25800DE163C /* Release */ = {
			isa = XCBuildConfiguration;
			buildSettings = {
				ASSETCATALOG_COMPILER_APPICON_NAME = AppIcon;
				INFOPLIST_FILE = "Change Background Colour/Info.plist";
				LD_RUNPATH_SEARCH_PATHS = "$(inherited) @executable_path/Frameworks";
				PRODUCT_BUNDLE_IDENTIFIER = "com.example.Change-Background-Colour";
				PRODUCT_NAME = "$(TARGET_NAME)";
				SWIFT_VERSION = 3.0;
			};
			name = Release;
		};
/* End XCBuildConfiguration section */

/* Begin XCConfigurationList section */
		841CF36F1F53E25800DE163C /* Build configuration list for PBXProject "Change Background Colour" */ = {
			isa = XCConfigurationList;
			buildConfigurations = (
				841CF3841F53E25800DE163C /* Debug */,
				841CF3851F53E25800DE163C /* Release */,
			);
			defaultConfigurationIsVisible = 0;
			defaultConfigurationName = Release;
		};
		841CF3861F53E25800DE163C /* Build configuration list for PBXNativeTarget "Change Background Colour" */ = {
			isa = XCConfigurationList;
			buildConfigurations = (
				841CF3871F53E25800DE163C /* Debug */,
				841CF3881F53E25800DE163C /* Release */,
			);
			defaultConfigurationIsVisible = 0;
		};
/* End XCConfigurationList section */
	};
	rootObject = 841CF36C1F53E25800DE163C /* Project object */;
}
